
Microsoft Visual Studio Solution File, Format Version 12.00
# Visual Studio Version 17
VisualStudioVersion = 17.11.35303.130
MinimumVisualStudioVersion = 10.0.40219.1
Project("{8BC9CEB8-8B4A-11D0-8D11-00A0C91BC942}") = "Project4", "Project4.vcxproj", "{23FDA394-E548-4879-934F-60F86B656F60}"
EndProject
Global
	GlobalSection(SolutionConfigurationPlatforms) = preSolution
		Debug|x64 = Debug|x64
		Debug|x86 = Debug|x86
		Release|x64 = Release|x64
		Release|x86 = Release|x86
	EndGlobalSection
	GlobalSection(ProjectConfigurationPlatforms) = postSolution
		{23FDA394-E548-4879-934F-60F86B656F60}.Debug|x64.ActiveCfg = Debug|x64
		{23FDA394-E548-4879-934F-60F86B656F60}.Debug|x64.Build.0 = Debug|x64
		{23FDA394-E548-4879-934F-60F86B656F60}.Debug|x86.ActiveCfg = Debug|Win32
		{23FDA394-E548-4879-934F-60F86B656F60}.Debug|x86.Build.0 = Debug|Win32
		{23FDA394-E548-4879-934F-60F86B656F60}.Release|x64.ActiveCfg = Release|x64
		{23FDA394-E548-4879-934F-60F86B656F60}.Release|x64.Build.0 = Release|x64
		{23FDA394-E548-4879-934F-60F86B656F60}.Release|x86.ActiveCfg = Release|Win32
		{23FDA394-E548-4879-934F-60F86B656F60}.Release|x86.Build.0 = Release|Win32
	EndGlobalSection
	GlobalSection(SolutionProperties) = preSolution
		HideSolutionNode = FALSE
	EndGlobalSection
	GlobalSection(ExtensibilityGlobals) = postSolution
		SolutionGuid = {23A3E423-ADF6-4177-B439-CCEF0F8BF204}
	EndGlobalSection
EndGlobal
